<?xml version="1.0" encoding="utf-8"?>
<Project ToolsVersion="4.0" xmlns="http://schemas.microsoft.com/developer/msbuild/2003">
  <ItemGroup>
    <Filter Include="Исходные файлы">
      <UniqueIdentifier>{4FC737F1-C7A5-4376-A066-2A32D752A2FF}</UniqueIdentifier>
      <Extensions>cpp;c;cc;cxx;def;odl;idl;hpj;bat;asm;asmx</Extensions>
    </Filter>
    <Filter Include="Файлы заголовков">
      <UniqueIdentifier>{93995380-89BD-4b04-88EB-625FBE52EBFB}</UniqueIdentifier>
      <Extensions>h;hh;hpp;hxx;hm;inl;inc;ipp;xsd</Extensions>
    </Filter>
    <Filter Include="Файлы ресурсов">
      <UniqueIdentifier>{67DA6AB6-F800-4c08-8B7A-83BB121AAD01}</UniqueIdentifier>
      <Extensions>rc;ico;cur;bmp;dlg;rc2;rct;bin;rgs;gif;jpg;jpeg;jpe;resx;tiff;tif;png;wav;mfcribbon-ms</Extensions>
    </Filter>
  </ItemGroup>
  <ItemGroup>
    <ClCompile Include="src\connecthostport.c">
      <Filter>Исходные файлы</Filter>
    </ClCompile>
    <ClCompile Include="src\igd_desc_parse.c">
      <Filter>Исходные файлы</Filter>
    </ClCompile>
    <ClCompile Include="src\minisoap.c">
      <Filter>Исходные файлы</Filter>
    </ClCompile>
    <ClCompile Include="src\minissdpc.c">
      <Filter>Исходные файлы</Filter>
    </ClCompile>
    <ClCompile Include="src\miniupnpc.c">
      <Filter>Исходные файлы</Filter>
    </ClCompile>
    <ClCompile Include="src\miniwget.c">
      <Filter>Исходные файлы</Filter>
    </ClCompile>
    <ClCompile Include="src\minixml.c">
      <Filter>Исходные файлы</Filter>
    </ClCompile>
    <ClCompile Include="src\portlistingparse.c">
      <Filter>Исходные файлы</Filter>
    </ClCompile>
    <ClCompile Include="src\receivedata.c">
      <Filter>Исходные файлы</Filter>
    </ClCompile>
    <ClCompile Include="src\upnpcommands.c">
      <Filter>Исходные файлы</Filter>
    </ClCompile>
    <ClCompile Include="src\upnpdev.c">
      <Filter>Исходные файлы</Filter>
    </ClCompile>
    <ClCompile Include="src\upnperrors.c">
      <Filter>Исходные файлы</Filter>
    </ClCompile>
    <ClCompile Include="src\upnpreplyparse.c">
      <Filter>Исходные файлы</Filter>
    </ClCompile>
  </ItemGroup>
  <ItemGroup>
    <ClInclude Include="src\connecthostport.h">
      <Filter>Файлы заголовков</Filter>
    </ClInclude>
    <ClInclude Include="src\igd_desc_parse.h">
      <Filter>Файлы заголовков</Filter>
    </ClInclude>
    <ClInclude Include="src\minisoap.h">
      <Filter>Файлы заголовков</Filter>
    </ClInclude>
    <ClInclude Include="src\minissdpc.h">
      <Filter>Файлы заголовков</Filter>
    </ClInclude>
    <ClInclude Include="src\miniupnpctypes.h">
      <Filter>Файлы заголовков</Filter>
    </ClInclude>
    <ClInclude Include="src\minixml.h">
      <Filter>Файлы заголовков</Filter>
    </ClInclude>
    <ClInclude Include="src\portlistingparse.h">
      <Filter>Файлы заголовков</Filter>
    </ClInclude>
    <ClInclude Include="src\receivedata.h">
      <Filter>Файлы заголовков</Filter>
    </ClInclude>
    <ClInclude Include="src\upnpdev.h">
      <Filter>Файлы заголовков</Filter>
    </ClInclude>
    <ClInclude Include="src\upnpreplyparse.h">
      <Filter>Файлы заголовков</Filter>
    </ClInclude>
    <ClInclude Include="src\miniupnpcstrings.h">
      <Filter>Файлы заголовков</Filter>
    </ClInclude>
    <ClInclude Include="src\miniupnpc_declspec.h">
      <Filter>Файлы заголовков</Filter>
    </ClInclude>
    <ClInclude Include="src\miniupnpc_socketdef.h">
      <Filter>Файлы заголовков</Filter>
    </ClInclude>
    <ClInclude Include="src\miniwget_private.h">
      <Filter>Файлы заголовков</Filter>
    </ClInclude>
    <ClInclude Include="miniupnpc\miniwget.h">
      <Filter>Файлы заголовков</Filter>
    </ClInclude>
    <ClInclude Include="miniupnpc\upnperrors.h">
      <Filter>Файлы заголовков</Filter>
    </ClInclude>
    <ClInclude Include="miniupnpc\upnpcommands.h">
      <Filter>Файлы заголовков</Filter>
    </ClInclude>
    <ClInclude Include="miniupnpc\miniupnpc.h">
      <Filter>Файлы заголовков</Filter>
    </ClInclude>
  </ItemGroup>
</Project>