
Microsoft Visual Studio Solution File, Format Version 12.00
# Visual Studio 15
VisualStudioVersion = 15.0.27703.2047
MinimumVisualStudioVersion = 10.0.40219.1
Project("{8BC9CEB8-8B4A-11D0-8D11-00A0C91BC942}") = "zalgocoind", "zalgocoind\zalgocoind.vcxproj", "{C8FC8D61-D721-4B27-9EAF-2834A1574352}"
EndProject
Project("{8BC9CEB8-8B4A-11D0-8D11-00A0C91BC942}") = "univalue", "univalue\univalue.vcxproj", "{10FCC8BD-660D-4227-8987-3AE2B0ED95E9}"
EndProject
Project("{8BC9CEB8-8B4A-11D0-8D11-00A0C91BC942}") = "zalgocoin_common", "zalgocoin_common\zalgocoin_common.vcxproj", "{9AD137B9-5DD3-4C8D-B318-50912B9B4E69}"
EndProject
Project("{8BC9CEB8-8B4A-11D0-8D11-00A0C91BC942}") = "leveldb", "leveldb\leveldb.vcxproj", "{9B9C0F18-C01D-482F-A665-6D638160B2F3}"
EndProject
Project("{8BC9CEB8-8B4A-11D0-8D11-00A0C91BC942}") = "libminiupnpc", "libminiupnpc\libminiupnpc.vcxproj", "{E67B1B07-7710-4C82-BCF2-EA482C1DBD48}"
EndProject
Project("{8BC9CEB8-8B4A-11D0-8D11-00A0C91BC942}") = "libevent", "libevent\libevent.vcxproj", "{D01D4E4B-C4CC-4767-B0D9-FC31F7FA0D90}"
EndProject
Project("{8BC9CEB8-8B4A-11D0-8D11-00A0C91BC942}") = "openssl", "openssl\openssl.vcxproj", "{B9F644C2-F9DE-4648-B613-43755D81EA3B}"
EndProject
Project("{8BC9CEB8-8B4A-11D0-8D11-00A0C91BC942}") = "zmq", "zmq\zmq.vcxproj", "{17AB24A7-9FAB-4F6F-B411-01C9FF54E22D}"
EndProject
Project("{8BC9CEB8-8B4A-11D0-8D11-00A0C91BC942}") = "zlib", "zlib\zlib.vcxproj", "{DFBBE42A-45F4-4188-89C2-17F5DFE50673}"
EndProject
Project("{8BC9CEB8-8B4A-11D0-8D11-00A0C91BC942}") = "berkeleyDB", "berkeleyDB\berkeleyDB.vcxproj", "{93C68C47-ADC1-481A-B5FA-996996A4302C}"
EndProject
Project("{8BC9CEB8-8B4A-11D0-8D11-00A0C91BC942}") = "zalgocoin-cli", "zalgocoin-cli\zalgocoin-cli.vcxproj", "{C8FC8D61-D721-4B27-9EAF-2834A1574353}"
EndProject
Project("{8BC9CEB8-8B4A-11D0-8D11-00A0C91BC942}") = "zalgocoin-tx", "zalgocoin-tx\zalgocoin-tx.vcxproj", "{C8FC8D61-D721-4B27-9EAF-2834A1574354}"
EndProject
Project("{2150E333-8FDC-42A3-9474-1A3956D46DE8}") = "libs", "libs", "{4022A32E-E01D-4B9A-B991-79960703F5AD}"
EndProject
Project("{2150E333-8FDC-42A3-9474-1A3956D46DE8}") = "local", "local", "{A1A7B17C-E3A6-4522-8297-61081D918D1C}"
EndProject
Project("{8BC9CEB8-8B4A-11D0-8D11-00A0C91BC942}") = "zalgocoin", "zalgocoin\zalgocoin.vcxproj", "{B12702AD-ABFB-343A-A199-8E24837244A3}"
	ProjectSection(ProjectDependencies) = postProject
		{F0219AD8-7D22-4645-897C-52ADF21A57FF} = {F0219AD8-7D22-4645-897C-52ADF21A57FF}
	EndProjectSection
EndProject
Project("{8BC9CEB8-8B4A-11D0-8D11-00A0C91BC942}") = "qrcodelib", "qrencode\qrcodelib.vcxproj", "{9A90BF5C-84B0-41F6-B83C-C20EADC1F46C}"
EndProject
Project("{8BC9CEB8-8B4A-11D0-8D11-00A0C91BC942}") = "protobuf", "protobuf\protobuf.vcxproj", "{F3ECBFD4-CF81-471F-B463-77DFDF8F726B}"
EndProject
Project("{8BC9CEB8-8B4A-11D0-8D11-00A0C91BC942}") = "protoc", "protobuf\protoc.vcxproj", "{F0219AD8-7D22-4645-897C-52ADF21A57FF}"
EndProject
Global
	GlobalSection(SolutionConfigurationPlatforms) = preSolution
		Debug|x64 = Debug|x64
		Debug|x86 = Debug|x86
		Release|x64 = Release|x64
		Release|x86 = Release|x86
	EndGlobalSection
	GlobalSection(ProjectConfigurationPlatforms) = postSolution
		{C8FC8D61-D721-4B27-9EAF-2834A1574352}.Debug|x64.ActiveCfg = Debug|x64
		{C8FC8D61-D721-4B27-9EAF-2834A1574352}.Debug|x64.Build.0 = Debug|x64
		{C8FC8D61-D721-4B27-9EAF-2834A1574352}.Debug|x86.ActiveCfg = Debug|Win32
		{C8FC8D61-D721-4B27-9EAF-2834A1574352}.Debug|x86.Build.0 = Debug|Win32
		{C8FC8D61-D721-4B27-9EAF-2834A1574352}.Release|x64.ActiveCfg = Release|x64
		{C8FC8D61-D721-4B27-9EAF-2834A1574352}.Release|x64.Build.0 = Release|x64
		{C8FC8D61-D721-4B27-9EAF-2834A1574352}.Release|x86.ActiveCfg = Release|Win32
		{C8FC8D61-D721-4B27-9EAF-2834A1574352}.Release|x86.Build.0 = Release|Win32
		{10FCC8BD-660D-4227-8987-3AE2B0ED95E9}.Debug|x64.ActiveCfg = Debug|x64
		{10FCC8BD-660D-4227-8987-3AE2B0ED95E9}.Debug|x64.Build.0 = Debug|x64
		{10FCC8BD-660D-4227-8987-3AE2B0ED95E9}.Debug|x86.ActiveCfg = Debug|Win32
		{10FCC8BD-660D-4227-8987-3AE2B0ED95E9}.Debug|x86.Build.0 = Debug|Win32
		{10FCC8BD-660D-4227-8987-3AE2B0ED95E9}.Release|x64.ActiveCfg = Release|x64
		{10FCC8BD-660D-4227-8987-3AE2B0ED95E9}.Release|x64.Build.0 = Release|x64
		{10FCC8BD-660D-4227-8987-3AE2B0ED95E9}.Release|x86.ActiveCfg = Release|Win32
		{10FCC8BD-660D-4227-8987-3AE2B0ED95E9}.Release|x86.Build.0 = Release|Win32
		{9AD137B9-5DD3-4C8D-B318-50912B9B4E69}.Debug|x64.ActiveCfg = Debug|x64
		{9AD137B9-5DD3-4C8D-B318-50912B9B4E69}.Debug|x64.Build.0 = Debug|x64
		{9AD137B9-5DD3-4C8D-B318-50912B9B4E69}.Debug|x86.ActiveCfg = Debug|Win32
		{9AD137B9-5DD3-4C8D-B318-50912B9B4E69}.Debug|x86.Build.0 = Debug|Win32
		{9AD137B9-5DD3-4C8D-B318-50912B9B4E69}.Release|x64.ActiveCfg = Release|x64
		{9AD137B9-5DD3-4C8D-B318-50912B9B4E69}.Release|x64.Build.0 = Release|x64
		{9AD137B9-5DD3-4C8D-B318-50912B9B4E69}.Release|x86.ActiveCfg = Release|Win32
		{9AD137B9-5DD3-4C8D-B318-50912B9B4E69}.Release|x86.Build.0 = Release|Win32
		{9B9C0F18-C01D-482F-A665-6D638160B2F3}.Debug|x64.ActiveCfg = Debug|x64
		{9B9C0F18-C01D-482F-A665-6D638160B2F3}.Debug|x64.Build.0 = Debug|x64
		{9B9C0F18-C01D-482F-A665-6D638160B2F3}.Debug|x86.ActiveCfg = Debug|Win32
		{9B9C0F18-C01D-482F-A665-6D638160B2F3}.Debug|x86.Build.0 = Debug|Win32
		{9B9C0F18-C01D-482F-A665-6D638160B2F3}.Release|x64.ActiveCfg = Release|x64
		{9B9C0F18-C01D-482F-A665-6D638160B2F3}.Release|x64.Build.0 = Release|x64
		{9B9C0F18-C01D-482F-A665-6D638160B2F3}.Release|x86.ActiveCfg = Release|Win32
		{9B9C0F18-C01D-482F-A665-6D638160B2F3}.Release|x86.Build.0 = Release|Win32
		{E67B1B07-7710-4C82-BCF2-EA482C1DBD48}.Debug|x64.ActiveCfg = Debug|x64
		{E67B1B07-7710-4C82-BCF2-EA482C1DBD48}.Debug|x64.Build.0 = Debug|x64
		{E67B1B07-7710-4C82-BCF2-EA482C1DBD48}.Debug|x86.ActiveCfg = Debug|Win32
		{E67B1B07-7710-4C82-BCF2-EA482C1DBD48}.Debug|x86.Build.0 = Debug|Win32
		{E67B1B07-7710-4C82-BCF2-EA482C1DBD48}.Release|x64.ActiveCfg = Release|x64
		{E67B1B07-7710-4C82-BCF2-EA482C1DBD48}.Release|x64.Build.0 = Release|x64
		{E67B1B07-7710-4C82-BCF2-EA482C1DBD48}.Release|x86.ActiveCfg = Release|Win32
		{E67B1B07-7710-4C82-BCF2-EA482C1DBD48}.Release|x86.Build.0 = Release|Win32
		{D01D4E4B-C4CC-4767-B0D9-FC31F7FA0D90}.Debug|x64.ActiveCfg = Debug|x64
		{D01D4E4B-C4CC-4767-B0D9-FC31F7FA0D90}.Debug|x64.Build.0 = Debug|x64
		{D01D4E4B-C4CC-4767-B0D9-FC31F7FA0D90}.Debug|x86.ActiveCfg = Debug|Win32
		{D01D4E4B-C4CC-4767-B0D9-FC31F7FA0D90}.Debug|x86.Build.0 = Debug|Win32
		{D01D4E4B-C4CC-4767-B0D9-FC31F7FA0D90}.Release|x64.ActiveCfg = Release|x64
		{D01D4E4B-C4CC-4767-B0D9-FC31F7FA0D90}.Release|x64.Build.0 = Release|x64
		{D01D4E4B-C4CC-4767-B0D9-FC31F7FA0D90}.Release|x86.ActiveCfg = Release|Win32
		{D01D4E4B-C4CC-4767-B0D9-FC31F7FA0D90}.Release|x86.Build.0 = Release|Win32
		{B9F644C2-F9DE-4648-B613-43755D81EA3B}.Debug|x64.ActiveCfg = Debug|x64
		{B9F644C2-F9DE-4648-B613-43755D81EA3B}.Debug|x64.Build.0 = Debug|x64
		{B9F644C2-F9DE-4648-B613-43755D81EA3B}.Debug|x86.ActiveCfg = Debug|Win32
		{B9F644C2-F9DE-4648-B613-43755D81EA3B}.Debug|x86.Build.0 = Debug|Win32
		{B9F644C2-F9DE-4648-B613-43755D81EA3B}.Release|x64.ActiveCfg = Release|x64
		{B9F644C2-F9DE-4648-B613-43755D81EA3B}.Release|x64.Build.0 = Release|x64
		{B9F644C2-F9DE-4648-B613-43755D81EA3B}.Release|x86.ActiveCfg = Release|Win32
		{B9F644C2-F9DE-4648-B613-43755D81EA3B}.Release|x86.Build.0 = Release|Win32
		{17AB24A7-9FAB-4F6F-B411-01C9FF54E22D}.Debug|x64.ActiveCfg = Debug|x64
		{17AB24A7-9FAB-4F6F-B411-01C9FF54E22D}.Debug|x64.Build.0 = Debug|x64
		{17AB24A7-9FAB-4F6F-B411-01C9FF54E22D}.Debug|x86.ActiveCfg = Debug|Win32
		{17AB24A7-9FAB-4F6F-B411-01C9FF54E22D}.Debug|x86.Build.0 = Debug|Win32
		{17AB24A7-9FAB-4F6F-B411-01C9FF54E22D}.Release|x64.ActiveCfg = Release|x64
		{17AB24A7-9FAB-4F6F-B411-01C9FF54E22D}.Release|x64.Build.0 = Release|x64
		{17AB24A7-9FAB-4F6F-B411-01C9FF54E22D}.Release|x86.ActiveCfg = Release|Win32
		{17AB24A7-9FAB-4F6F-B411-01C9FF54E22D}.Release|x86.Build.0 = Release|Win32
		{DFBBE42A-45F4-4188-89C2-17F5DFE50673}.Debug|x64.ActiveCfg = Debug|x64
		{DFBBE42A-45F4-4188-89C2-17F5DFE50673}.Debug|x64.Build.0 = Debug|x64
		{DFBBE42A-45F4-4188-89C2-17F5DFE50673}.Debug|x86.ActiveCfg = Debug|Win32
		{DFBBE42A-45F4-4188-89C2-17F5DFE50673}.Debug|x86.Build.0 = Debug|Win32
		{DFBBE42A-45F4-4188-89C2-17F5DFE50673}.Release|x64.ActiveCfg = Release|x64
		{DFBBE42A-45F4-4188-89C2-17F5DFE50673}.Release|x64.Build.0 = Release|x64
		{DFBBE42A-45F4-4188-89C2-17F5DFE50673}.Release|x86.ActiveCfg = Release|Win32
		{DFBBE42A-45F4-4188-89C2-17F5DFE50673}.Release|x86.Build.0 = Release|Win32
		{93C68C47-ADC1-481A-B5FA-996996A4302C}.Debug|x64.ActiveCfg = Debug|x64
		{93C68C47-ADC1-481A-B5FA-996996A4302C}.Debug|x64.Build.0 = Debug|x64
		{93C68C47-ADC1-481A-B5FA-996996A4302C}.Debug|x86.ActiveCfg = Debug|Win32
		{93C68C47-ADC1-481A-B5FA-996996A4302C}.Debug|x86.Build.0 = Debug|Win32
		{93C68C47-ADC1-481A-B5FA-996996A4302C}.Release|x64.ActiveCfg = Release|x64
		{93C68C47-ADC1-481A-B5FA-996996A4302C}.Release|x64.Build.0 = Release|x64
		{93C68C47-ADC1-481A-B5FA-996996A4302C}.Release|x86.ActiveCfg = Release|Win32
		{93C68C47-ADC1-481A-B5FA-996996A4302C}.Release|x86.Build.0 = Release|Win32
		{C8FC8D61-D721-4B27-9EAF-2834A1574353}.Debug|x64.ActiveCfg = Debug|x64
		{C8FC8D61-D721-4B27-9EAF-2834A1574353}.Debug|x64.Build.0 = Debug|x64
		{C8FC8D61-D721-4B27-9EAF-2834A1574353}.Debug|x86.ActiveCfg = Debug|Win32
		{C8FC8D61-D721-4B27-9EAF-2834A1574353}.Debug|x86.Build.0 = Debug|Win32
		{C8FC8D61-D721-4B27-9EAF-2834A1574353}.Release|x64.ActiveCfg = Release|x64
		{C8FC8D61-D721-4B27-9EAF-2834A1574353}.Release|x64.Build.0 = Release|x64
		{C8FC8D61-D721-4B27-9EAF-2834A1574353}.Release|x86.ActiveCfg = Release|Win32
		{C8FC8D61-D721-4B27-9EAF-2834A1574353}.Release|x86.Build.0 = Release|Win32
		{C8FC8D61-D721-4B27-9EAF-2834A1574354}.Debug|x64.ActiveCfg = Debug|x64
		{C8FC8D61-D721-4B27-9EAF-2834A1574354}.Debug|x64.Build.0 = Debug|x64
		{C8FC8D61-D721-4B27-9EAF-2834A1574354}.Debug|x86.ActiveCfg = Debug|Win32
		{C8FC8D61-D721-4B27-9EAF-2834A1574354}.Debug|x86.Build.0 = Debug|Win32
		{C8FC8D61-D721-4B27-9EAF-2834A1574354}.Release|x64.ActiveCfg = Release|x64
		{C8FC8D61-D721-4B27-9EAF-2834A1574354}.Release|x64.Build.0 = Release|x64
		{C8FC8D61-D721-4B27-9EAF-2834A1574354}.Release|x86.ActiveCfg = Release|Win32
		{C8FC8D61-D721-4B27-9EAF-2834A1574354}.Release|x86.Build.0 = Release|Win32
		{B12702AD-ABFB-343A-A199-8E24837244A3}.Debug|x64.ActiveCfg = Debug|x64
		{B12702AD-ABFB-343A-A199-8E24837244A3}.Debug|x64.Build.0 = Debug|x64
		{B12702AD-ABFB-343A-A199-8E24837244A3}.Debug|x86.ActiveCfg = Debug|x64
		{B12702AD-ABFB-343A-A199-8E24837244A3}.Release|x64.ActiveCfg = Release|x64
		{B12702AD-ABFB-343A-A199-8E24837244A3}.Release|x64.Build.0 = Release|x64
		{B12702AD-ABFB-343A-A199-8E24837244A3}.Release|x86.ActiveCfg = Release|x64
		{9A90BF5C-84B0-41F6-B83C-C20EADC1F46C}.Debug|x64.ActiveCfg = Debug|x64
		{9A90BF5C-84B0-41F6-B83C-C20EADC1F46C}.Debug|x64.Build.0 = Debug|x64
		{9A90BF5C-84B0-41F6-B83C-C20EADC1F46C}.Debug|x86.ActiveCfg = Debug|x64
		{9A90BF5C-84B0-41F6-B83C-C20EADC1F46C}.Release|x64.ActiveCfg = Release|x64
		{9A90BF5C-84B0-41F6-B83C-C20EADC1F46C}.Release|x64.Build.0 = Release|x64
		{9A90BF5C-84B0-41F6-B83C-C20EADC1F46C}.Release|x86.ActiveCfg = Release|x64
		{F3ECBFD4-CF81-471F-B463-77DFDF8F726B}.Debug|x64.ActiveCfg = Debug|x64
		{F3ECBFD4-CF81-471F-B463-77DFDF8F726B}.Debug|x64.Build.0 = Debug|x64
		{F3ECBFD4-CF81-471F-B463-77DFDF8F726B}.Debug|x86.ActiveCfg = Debug|x64
		{F3ECBFD4-CF81-471F-B463-77DFDF8F726B}.Release|x64.ActiveCfg = Release|x64
		{F3ECBFD4-CF81-471F-B463-77DFDF8F726B}.Release|x64.Build.0 = Release|x64
		{F3ECBFD4-CF81-471F-B463-77DFDF8F726B}.Release|x86.ActiveCfg = Release|x64
		{F0219AD8-7D22-4645-897C-52ADF21A57FF}.Debug|x64.ActiveCfg = Debug|x64
		{F0219AD8-7D22-4645-897C-52ADF21A57FF}.Debug|x64.Build.0 = Debug|x64
		{F0219AD8-7D22-4645-897C-52ADF21A57FF}.Debug|x86.ActiveCfg = Debug|x64
		{F0219AD8-7D22-4645-897C-52ADF21A57FF}.Release|x64.ActiveCfg = Release|x64
		{F0219AD8-7D22-4645-897C-52ADF21A57FF}.Release|x64.Build.0 = Release|x64
		{F0219AD8-7D22-4645-897C-52ADF21A57FF}.Release|x86.ActiveCfg = Release|x64
	EndGlobalSection
	GlobalSection(SolutionProperties) = preSolution
		HideSolutionNode = FALSE
	EndGlobalSection
	GlobalSection(NestedProjects) = preSolution
		{10FCC8BD-660D-4227-8987-3AE2B0ED95E9} = {A1A7B17C-E3A6-4522-8297-61081D918D1C}
		{9B9C0F18-C01D-482F-A665-6D638160B2F3} = {A1A7B17C-E3A6-4522-8297-61081D918D1C}
		{E67B1B07-7710-4C82-BCF2-EA482C1DBD48} = {4022A32E-E01D-4B9A-B991-79960703F5AD}
		{D01D4E4B-C4CC-4767-B0D9-FC31F7FA0D90} = {4022A32E-E01D-4B9A-B991-79960703F5AD}
		{B9F644C2-F9DE-4648-B613-43755D81EA3B} = {4022A32E-E01D-4B9A-B991-79960703F5AD}
		{17AB24A7-9FAB-4F6F-B411-01C9FF54E22D} = {4022A32E-E01D-4B9A-B991-79960703F5AD}
		{DFBBE42A-45F4-4188-89C2-17F5DFE50673} = {4022A32E-E01D-4B9A-B991-79960703F5AD}
		{93C68C47-ADC1-481A-B5FA-996996A4302C} = {4022A32E-E01D-4B9A-B991-79960703F5AD}
		{9A90BF5C-84B0-41F6-B83C-C20EADC1F46C} = {4022A32E-E01D-4B9A-B991-79960703F5AD}
		{F3ECBFD4-CF81-471F-B463-77DFDF8F726B} = {4022A32E-E01D-4B9A-B991-79960703F5AD}
		{F0219AD8-7D22-4645-897C-52ADF21A57FF} = {4022A32E-E01D-4B9A-B991-79960703F5AD}
	EndGlobalSection
	GlobalSection(ExtensibilityGlobals) = postSolution
		SolutionGuid = {EE455C4B-99E4-462E-8824-BFA443DC99D6}
	EndGlobalSection
EndGlobal
