
Microsoft Visual Studio Solution File, Format Version 12.00
# Visual Studio 15
VisualStudioVersion = 15.0.28010.2016
MinimumVisualStudioVersion = 10.0.40219.1
Project("{8BC9CEB8-8B4A-11D0-8D11-00A0C91BC942}") = "SHA3Lib", "SHA3Lib\SHA3Lib.vcxproj", "{0BCD62B7-A77F-44D0-A14A-8F11B1373D57}"
EndProject
Project("{FAE04EC0-301F-11D3-BF4B-00C04F79EFBC}") = "SHA3Test", "SHA3Test\SHA3Test.csproj", "{5CC7A327-F0B4-4B87-9236-E2DADE0D616D}"
EndProject
Project("{FAE04EC0-301F-11D3-BF4B-00C04F79EFBC}") = "SHA3Import", "SHA3Import\SHA3Import.csproj", "{F661EF66-2F41-4F0D-9084-3D60CB2AF7A3}"
EndProject
Global
	GlobalSection(SolutionConfigurationPlatforms) = preSolution
		Debug|Any CPU = Debug|Any CPU
		Debug|x64 = Debug|x64
		Debug|x86 = Debug|x86
		Release|Any CPU = Release|Any CPU
		Release|x64 = Release|x64
		Release|x86 = Release|x86
	EndGlobalSection
	GlobalSection(ProjectConfigurationPlatforms) = postSolution
		{0BCD62B7-A77F-44D0-A14A-8F11B1373D57}.Debug|Any CPU.ActiveCfg = Debug|Win32
		{0BCD62B7-A77F-44D0-A14A-8F11B1373D57}.Debug|x64.ActiveCfg = Debug|x64
		{0BCD62B7-A77F-44D0-A14A-8F11B1373D57}.Debug|x64.Build.0 = Debug|x64
		{0BCD62B7-A77F-44D0-A14A-8F11B1373D57}.Debug|x86.ActiveCfg = Debug|Win32
		{0BCD62B7-A77F-44D0-A14A-8F11B1373D57}.Debug|x86.Build.0 = Debug|Win32
		{0BCD62B7-A77F-44D0-A14A-8F11B1373D57}.Release|Any CPU.ActiveCfg = Release|Win32
		{0BCD62B7-A77F-44D0-A14A-8F11B1373D57}.Release|x64.ActiveCfg = Release|x64
		{0BCD62B7-A77F-44D0-A14A-8F11B1373D57}.Release|x64.Build.0 = Release|x64
		{0BCD62B7-A77F-44D0-A14A-8F11B1373D57}.Release|x86.ActiveCfg = Release|Win32
		{0BCD62B7-A77F-44D0-A14A-8F11B1373D57}.Release|x86.Build.0 = Release|Win32
		{5CC7A327-F0B4-4B87-9236-E2DADE0D616D}.Debug|Any CPU.ActiveCfg = Debug|Any CPU
		{5CC7A327-F0B4-4B87-9236-E2DADE0D616D}.Debug|Any CPU.Build.0 = Debug|Any CPU
		{5CC7A327-F0B4-4B87-9236-E2DADE0D616D}.Debug|x64.ActiveCfg = Debug|Any CPU
		{5CC7A327-F0B4-4B87-9236-E2DADE0D616D}.Debug|x64.Build.0 = Debug|Any CPU
		{5CC7A327-F0B4-4B87-9236-E2DADE0D616D}.Debug|x86.ActiveCfg = Debug|Any CPU
		{5CC7A327-F0B4-4B87-9236-E2DADE0D616D}.Debug|x86.Build.0 = Debug|Any CPU
		{5CC7A327-F0B4-4B87-9236-E2DADE0D616D}.Release|Any CPU.ActiveCfg = Release|Any CPU
		{5CC7A327-F0B4-4B87-9236-E2DADE0D616D}.Release|Any CPU.Build.0 = Release|Any CPU
		{5CC7A327-F0B4-4B87-9236-E2DADE0D616D}.Release|x64.ActiveCfg = Release|Any CPU
		{5CC7A327-F0B4-4B87-9236-E2DADE0D616D}.Release|x64.Build.0 = Release|Any CPU
		{5CC7A327-F0B4-4B87-9236-E2DADE0D616D}.Release|x86.ActiveCfg = Release|Any CPU
		{5CC7A327-F0B4-4B87-9236-E2DADE0D616D}.Release|x86.Build.0 = Release|Any CPU
		{F661EF66-2F41-4F0D-9084-3D60CB2AF7A3}.Debug|Any CPU.ActiveCfg = Debug|Any CPU
		{F661EF66-2F41-4F0D-9084-3D60CB2AF7A3}.Debug|Any CPU.Build.0 = Debug|Any CPU
		{F661EF66-2F41-4F0D-9084-3D60CB2AF7A3}.Debug|x64.ActiveCfg = Debug|Any CPU
		{F661EF66-2F41-4F0D-9084-3D60CB2AF7A3}.Debug|x64.Build.0 = Debug|Any CPU
		{F661EF66-2F41-4F0D-9084-3D60CB2AF7A3}.Debug|x86.ActiveCfg = Debug|Any CPU
		{F661EF66-2F41-4F0D-9084-3D60CB2AF7A3}.Debug|x86.Build.0 = Debug|Any CPU
		{F661EF66-2F41-4F0D-9084-3D60CB2AF7A3}.Release|Any CPU.ActiveCfg = Release|Any CPU
		{F661EF66-2F41-4F0D-9084-3D60CB2AF7A3}.Release|Any CPU.Build.0 = Release|Any CPU
		{F661EF66-2F41-4F0D-9084-3D60CB2AF7A3}.Release|x64.ActiveCfg = Release|Any CPU
		{F661EF66-2F41-4F0D-9084-3D60CB2AF7A3}.Release|x64.Build.0 = Release|Any CPU
		{F661EF66-2F41-4F0D-9084-3D60CB2AF7A3}.Release|x86.ActiveCfg = Release|Any CPU
		{F661EF66-2F41-4F0D-9084-3D60CB2AF7A3}.Release|x86.Build.0 = Release|Any CPU
	EndGlobalSection
	GlobalSection(SolutionProperties) = preSolution
		HideSolutionNode = FALSE
	EndGlobalSection
	GlobalSection(ExtensibilityGlobals) = postSolution
		SolutionGuid = {5051EE0E-0D08-4896-A21F-573A845D0352}
	EndGlobalSection
EndGlobal
